
Microsoft Visual Studio Solution File, Format Version 12.00
# Visual Studio Express 14 for Web
VisualStudioVersion = 14.0.25123.0
MinimumVisualStudioVersion = 10.0.40219.1
Project("{FAE04EC0-301F-11D3-BF4B-00C04F79EFBC}") = "Epam.HostFiles.Model", "Epam.HostFiles.Model\Epam.HostFiles.Model.csproj", "{4AF8E69C-1ADC-490F-8CF2-812F44DE24E6}"
EndProject
Project("{FAE04EC0-301F-11D3-BF4B-00C04F79EFBC}") = "Epam.HostFiles.Web", "Epam.HostFiles.Web\Epam.HostFiles.Web.csproj", "{DF21AC50-3142-4812-A1C6-30D707DD2836}"
EndProject
Project("{FAE04EC0-301F-11D3-BF4B-00C04F79EFBC}") = "Epam.HostFiles.Core", "Epam.HostFiles.Core\Epam.HostFiles.Core.csproj", "{CA96BFDE-857B-49F5-8DB4-123F651FDDF1}"
EndProject
Project("{FAE04EC0-301F-11D3-BF4B-00C04F79EFBC}") = "Epam.HostFiles.Services", "Epam.HostFiles.Services\Epam.HostFiles.Services.csproj", "{C83F01C3-1D08-4489-83E5-56AC7AE241EE}"
EndProject
Global
	GlobalSection(SolutionConfigurationPlatforms) = preSolution
		Debug|Any CPU = Debug|Any CPU
		Release|Any CPU = Release|Any CPU
	EndGlobalSection
	GlobalSection(ProjectConfigurationPlatforms) = postSolution
		{4AF8E69C-1ADC-490F-8CF2-812F44DE24E6}.Debug|Any CPU.ActiveCfg = Debug|Any CPU
		{4AF8E69C-1ADC-490F-8CF2-812F44DE24E6}.Debug|Any CPU.Build.0 = Debug|Any CPU
		{4AF8E69C-1ADC-490F-8CF2-812F44DE24E6}.Release|Any CPU.ActiveCfg = Release|Any CPU
		{4AF8E69C-1ADC-490F-8CF2-812F44DE24E6}.Release|Any CPU.Build.0 = Release|Any CPU
		{DF21AC50-3142-4812-A1C6-30D707DD2836}.Debug|Any CPU.ActiveCfg = Debug|Any CPU
		{DF21AC50-3142-4812-A1C6-30D707DD2836}.Debug|Any CPU.Build.0 = Debug|Any CPU
		{DF21AC50-3142-4812-A1C6-30D707DD2836}.Release|Any CPU.ActiveCfg = Release|Any CPU
		{DF21AC50-3142-4812-A1C6-30D707DD2836}.Release|Any CPU.Build.0 = Release|Any CPU
		{CA96BFDE-857B-49F5-8DB4-123F651FDDF1}.Debug|Any CPU.ActiveCfg = Debug|Any CPU
		{CA96BFDE-857B-49F5-8DB4-123F651FDDF1}.Debug|Any CPU.Build.0 = Debug|Any CPU
		{CA96BFDE-857B-49F5-8DB4-123F651FDDF1}.Release|Any CPU.ActiveCfg = Release|Any CPU
		{CA96BFDE-857B-49F5-8DB4-123F651FDDF1}.Release|Any CPU.Build.0 = Release|Any CPU
		{C83F01C3-1D08-4489-83E5-56AC7AE241EE}.Debug|Any CPU.ActiveCfg = Debug|Any CPU
		{C83F01C3-1D08-4489-83E5-56AC7AE241EE}.Debug|Any CPU.Build.0 = Debug|Any CPU
		{C83F01C3-1D08-4489-83E5-56AC7AE241EE}.Release|Any CPU.ActiveCfg = Release|Any CPU
		{C83F01C3-1D08-4489-83E5-56AC7AE241EE}.Release|Any CPU.Build.0 = Release|Any CPU
	EndGlobalSection
	GlobalSection(SolutionProperties) = preSolution
		HideSolutionNode = FALSE
	EndGlobalSection
EndGlobal
